// !$*UTF8*$!
{
	archiveVersion = 1;
	classes = {
	};
	objectVersion = 50;
	objects = {

/* Begin PBXBuildFile section */
		437FFEF925B8E36200DCCC19 /* AppDelegate.swift in Sources */ = {isa = PBXBuildFile; fileRef = 437FFEF825B8E36200DCCC19 /* AppDelegate.swift */; };
		437FFEFB25B8E36200DCCC19 /* SceneDelegate.swift in Sources */ = {isa = PBXBuildFile; fileRef = 437FFEFA25B8E36200DCCC19 /* SceneDelegate.swift */; };
		437FFEFD25B8E36200DCCC19 /* LoginViewController.swift in Sources */ = {isa = PBXBuildFile; fileRef = 437FFEFC25B8E36200DCCC19 /* LoginViewController.swift */; };
		437FFF0025B8E36200DCCC19 /* Main.storyboard in Resources */ = {isa = PBXBuildFile; fileRef = 437FFEFE25B8E36200DCCC19 /* Main.storyboard */; };
		437FFF0225B8E36600DCCC19 /* Assets.xcassets in Resources */ = {isa = PBXBuildFile; fileRef = 437FFF0125B8E36600DCCC19 /* Assets.xcassets */; };
		437FFF0525B8E36600DCCC19 /* LaunchScreen.storyboard in Resources */ = {isa = PBXBuildFile; fileRef = 437FFF0325B8E36600DCCC19 /* LaunchScreen.storyboard */; };
		437FFF0E25B8E44100DCCC19 /* User.swift in Sources */ = {isa = PBXBuildFile; fileRef = 437FFF0D25B8E44100DCCC19 /* User.swift */; };
		437FFF1025B8E47F00DCCC19 /* Event.swift in Sources */ = {isa = PBXBuildFile; fileRef = 437FFF0F25B8E47F00DCCC19 /* Event.swift */; };
/* End PBXBuildFile section */

/* Begin PBXFileReference section */
		437FFEF525B8E36200DCCC19 /* EventView.app */ = {isa = PBXFileReference; explicitFileType = wrapper.application; includeInIndex = 0; path = EventView.app; sourceTree = BUILT_PRODUCTS_DIR; };
		437FFEF825B8E36200DCCC19 /* AppDelegate.swift */ = {isa = PBXFileReference; lastKnownFileType = sourcecode.swift; path = AppDelegate.swift; sourceTree = "<group>"; };
		437FFEFA25B8E36200DCCC19 /* SceneDelegate.swift */ = {isa = PBXFileReference; lastKnownFileType = sourcecode.swift; path = SceneDelegate.swift; sourceTree = "<group>"; };
		437FFEFC25B8E36200DCCC19 /* LoginViewController.swift */ = {isa = PBXFileReference; lastKnownFileType = sourcecode.swift; path = LoginViewController.swift; sourceTree = "<group>"; };
		437FFEFF25B8E36200DCCC19 /* Base */ = {isa = PBXFileReference; lastKnownFileType = file.storyboard; name = Base; path = Base.lproj/Main.storyboard; sourceTree = "<group>"; };
		437FFF0125B8E36600DCCC19 /* Assets.xcassets */ = {isa = PBXFileReference; lastKnownFileType = folder.assetcatalog; path = Assets.xcassets; sourceTree = "<group>"; };
		437FFF0425B8E36600DCCC19 /* Base */ = {isa = PBXFileReference; lastKnownFileType = file.storyboard; name = Base; path = Base.lproj/LaunchScreen.storyboard; sourceTree = "<group>"; };
		437FFF0625B8E36600DCCC19 /* Info.plist */ = {isa = PBXFileReference; lastKnownFileType = text.plist.xml; path = Info.plist; sourceTree = "<group>"; };
		437FFF0D25B8E44100DCCC19 /* User.swift */ = {isa = PBXFileReference; lastKnownFileType = sourcecode.swift; path = User.swift; sourceTree = "<group>"; };
		437FFF0F25B8E47F00DCCC19 /* Event.swift */ = {isa = PBXFileReference; lastKnownFileType = sourcecode.swift; path = Event.swift; sourceTree = "<group>"; };
/* End PBXFileReference section */

/* Begin PBXFrameworksBuildPhase section */
		437FFEF225B8E36200DCCC19 /* Frameworks */ = {
			isa = PBXFrameworksBuildPhase;
			buildActionMask = 2147483647;
			files = (
			);
			runOnlyForDeploymentPostprocessing = 0;
		};
/* End PBXFrameworksBuildPhase section */

/* Begin PBXGroup section */
		437FFEEC25B8E36200DCCC19 = {
			isa = PBXGroup;
			children = (
				437FFEF725B8E36200DCCC19 /* EventView */,
				437FFEF625B8E36200DCCC19 /* Products */,
			);
			sourceTree = "<group>";
		};
		437FFEF625B8E36200DCCC19 /* Products */ = {
			isa = PBXGroup;
			children = (
				437FFEF525B8E36200DCCC19 /* EventView.app */,
			);
			name = Products;
			sourceTree = "<group>";
		};
		437FFEF725B8E36200DCCC19 /* EventView */ = {
			isa = PBXGroup;
			children = (
				437FFF0C25B8E42F00DCCC19 /* Models */,
				437FFEF825B8E36200DCCC19 /* AppDelegate.swift */,
				437FFEFA25B8E36200DCCC19 /* SceneDelegate.swift */,
				437FFEFC25B8E36200DCCC19 /* LoginViewController.swift */,
				437FFEFE25B8E36200DCCC19 /* Main.storyboard */,
				437FFF0125B8E36600DCCC19 /* Assets.xcassets */,
				437FFF0325B8E36600DCCC19 /* LaunchScreen.storyboard */,
				437FFF0625B8E36600DCCC19 /* Info.plist */,
			);
			path = EventView;
			sourceTree = "<group>";
		};
		437FFF0C25B8E42F00DCCC19 /* Models */ = {
			isa = PBXGroup;
			children = (
				437FFF0D25B8E44100DCCC19 /* User.swift */,
				437FFF0F25B8E47F00DCCC19 /* Event.swift */,
			);
			path = Models;
			sourceTree = "<group>";
		};
/* End PBXGroup section */

/* Begin PBXNativeTarget section */
		437FFEF425B8E36200DCCC19 /* EventView */ = {
			isa = PBXNativeTarget;
			buildConfigurationList = 437FFF0925B8E36600DCCC19 /* Build configuration list for PBXNativeTarget "EventView" */;
			buildPhases = (
				437FFEF125B8E36200DCCC19 /* Sources */,
				437FFEF225B8E36200DCCC19 /* Frameworks */,
				437FFEF325B8E36200DCCC19 /* Resources */,
			);
			buildRules = (
			);
			dependencies = (
			);
			name = EventView;
			productName = EventView;
			productReference = 437FFEF525B8E36200DCCC19 /* EventView.app */;
			productType = "com.apple.product-type.application";
		};
/* End PBXNativeTarget section */

/* Begin PBXProject section */
		437FFEED25B8E36200DCCC19 /* Project object */ = {
			isa = PBXProject;
			attributes = {
				LastSwiftUpdateCheck = 1160;
				LastUpgradeCheck = 1160;
				ORGANIZATIONNAME = "Mihir Thanekar";
				TargetAttributes = {
					437FFEF425B8E36200DCCC19 = {
						CreatedOnToolsVersion = 11.6;
					};
				};
			};
			buildConfigurationList = 437FFEF025B8E36200DCCC19 /* Build configuration list for PBXProject "EventView" */;
			compatibilityVersion = "Xcode 9.3";
			developmentRegion = en;
			hasScannedForEncodings = 0;
			knownRegions = (
				en,
				Base,
			);
			mainGroup = 437FFEEC25B8E36200DCCC19;
			productRefGroup = 437FFEF625B8E36200DCCC19 /* Products */;
			projectDirPath = "";
			projectRoot = "";
			targets = (
				437FFEF425B8E36200DCCC19 /* EventView */,
			);
		};
/* End PBXProject section */

/* Begin PBXResourcesBuildPhase section */
		437FFEF325B8E36200DCCC19 /* Resources */ = {
			isa = PBXResourcesBuildPhase;
			buildActionMask = 2147483647;
			files = (
				437FFF0525B8E36600DCCC19 /* LaunchScreen.storyboard in Resources */,
				437FFF0225B8E36600DCCC19 /* Assets.xcassets in Resources */,
				437FFF0025B8E36200DCCC19 /* Main.storyboard in Resources */,
			);
			runOnlyForDeploymentPostprocessing = 0;
		};
/* End PBXResourcesBuildPhase section */

/* Begin PBXSourcesBuildPhase section */
		437FFEF125B8E36200DCCC19 /* Sources */ = {
			isa = PBXSourcesBuildPhase;
			buildActionMask = 2147483647;
			files = (
				437FFF0E25B8E44100DCCC19 /* User.swift in Sources */,
				437FFEFD25B8E36200DCCC19 /* LoginViewController.swift in Sources */,
				437FFEF925B8E36200DCCC19 /* AppDelegate.swift in Sources */,
				437FFEFB25B8E36200DCCC19 /* SceneDelegate.swift in Sources */,
				437FFF1025B8E47F00DCCC19 /* Event.swift in Sources */,
			);
			runOnlyForDeploymentPostprocessing = 0;
		};
/* End PBXSourcesBuildPhase section */

/* Begin PBXVariantGroup section */
		437FFEFE25B8E36200DCCC19 /* Main.storyboard */ = {
			isa = PBXVariantGroup;
			children = (
				437FFEFF25B8E36200DCCC19 /* Base */,
			);
			name = Main.storyboard;
			sourceTree = "<group>";
		};
		437FFF0325B8E36600DCCC19 /* LaunchScreen.storyboard */ = {
			isa = PBXVariantGroup;
			children = (
				437FFF0425B8E36600DCCC19 /* Base */,
			);
			name = LaunchScreen.storyboard;
			sourceTree = "<group>";
		};
/* End PBXVariantGroup section */

/* Begin XCBuildConfiguration section */
		437FFF0725B8E36600DCCC19 /* Debug */ = {
			isa = XCBuildConfiguration;
			buildSettings = {
				ALWAYS_SEARCH_USER_PATHS = NO;
				CLANG_ANALYZER_NONNULL = YES;
				CLANG_ANALYZER_NUMBER_OBJECT_CONVERSION = YES_AGGRESSIVE;
				CLANG_CXX_LANGUAGE_STANDARD = "gnu++14";
				CLANG_CXX_LIBRARY = "libc++";
				CLANG_ENABLE_MODULES = YES;
				CLANG_ENABLE_OBJC_ARC = YES;
				CLANG_ENABLE_OBJC_WEAK = YES;
				CLANG_WARN_BLOCK_CAPTURE_AUTORELEASING = YES;
				CLANG_WARN_BOOL_CONVERSION = YES;
				CLANG_WARN_COMMA = YES;
				CLANG_WARN_CONSTANT_CONVERSION = YES;
				CLANG_WARN_DEPRECATED_OBJC_IMPLEMENTATIONS = YES;
				CLANG_WARN_DIRECT_OBJC_ISA_USAGE = YES_ERROR;
				CLANG_WARN_DOCUMENTATION_COMMENTS = YES;
				CLANG_WARN_EMPTY_BODY = YES;
				CLANG_WARN_ENUM_CONVERSION = YES;
				CLANG_WARN_INFINITE_RECURSION = YES;
				CLANG_WARN_INT_CONVERSION = YES;
				CLANG_WARN_NON_LITERAL_NULL_CONVERSION = YES;
				CLANG_WARN_OBJC_IMPLICIT_RETAIN_SELF = YES;
				CLANG_WARN_OBJC_LITERAL_CONVERSION = YES;
				CLANG_WARN_OBJC_ROOT_CLASS = YES_ERROR;
				CLANG_WARN_RANGE_LOOP_ANALYSIS = YES;
				CLANG_WARN_STRICT_PROTOTYPES = YES;
				CLANG_WARN_SUSPICIOUS_MOVE = YES;
				CLANG_WARN_UNGUARDED_AVAILABILITY = YES_AGGRESSIVE;
				CLANG_WARN_UNREACHABLE_CODE = YES;
				CLANG_WARN__DUPLICATE_METHOD_MATCH = YES;
				COPY_PHASE_STRIP = NO;
				DEBUG_INFORMATION_FORMAT = dwarf;
				ENABLE_STRICT_OBJC_MSGSEND = YES;
				ENABLE_TESTABILITY = YES;
				GCC_C_LANGUAGE_STANDARD = gnu11;
				GCC_DYNAMIC_NO_PIC = NO;
				GCC_NO_COMMON_BLOCKS = YES;
				GCC_OPTIMIZATION_LEVEL = 0;
				GCC_PREPROCESSOR_DEFINITIONS = (
					"DEBUG=1",
					"$(inherited)",
				);
				GCC_WARN_64_TO_32_BIT_CONVERSION = YES;
				GCC_WARN_ABOUT_RETURN_TYPE = YES_ERROR;
				GCC_WARN_UNDECLARED_SELECTOR = YES;
				GCC_WARN_UNINITIALIZED_AUTOS = YES_AGGRESSIVE;
				GCC_WARN_UNUSED_FUNCTION = YES;
				GCC_WARN_UNUSED_VARIABLE = YES;
				IPHONEOS_DEPLOYMENT_TARGET = 13.6;
				MTL_ENABLE_DEBUG_INFO = INCLUDE_SOURCE;
				MTL_FAST_MATH = YES;
				ONLY_ACTIVE_ARCH = YES;
				SDKROOT = iphoneos;
				SWIFT_ACTIVE_COMPILATION_CONDITIONS = DEBUG;
				SWIFT_OPTIMIZATION_LEVEL = "-Onone";
			};
			name = Debug;
		};
		437FFF0825B8E36600DCCC19 /* Release */ = {
			isa = XCBuildConfiguration;
			buildSettings = {
				ALWAYS_SEARCH_USER_PATHS = NO;
				CLANG_ANALYZER_NONNULL = YES;
				CLANG_ANALYZER_NUMBER_OBJECT_CONVERSION = YES_AGGRESSIVE;
				CLANG_CXX_LANGUAGE_STANDARD = "gnu++14";
				CLANG_CXX_LIBRARY = "libc++";
				CLANG_ENABLE_MODULES = YES;
				CLANG_ENABLE_OBJC_ARC = YES;
				CLANG_ENABLE_OBJC_WEAK = YES;
				CLANG_WARN_BLOCK_CAPTURE_AUTORELEASING = YES;
				CLANG_WARN_BOOL_CONVERSION = YES;
				CLANG_WARN_COMMA = YES;
				CLANG_WARN_CONSTANT_CONVERSION = YES;
				CLANG_WARN_DEPRECATED_OBJC_IMPLEMENTATIONS = YES;
				CLANG_WARN_DIRECT_OBJC_ISA_USAGE = YES_ERROR;
				CLANG_WARN_DOCUMENTATION_COMMENTS = YES;
				CLANG_WARN_EMPTY_BODY = YES;
				CLANG_WARN_ENUM_CONVERSION = YES;
				CLANG_WARN_INFINITE_RECURSION = YES;
				CLANG_WARN_INT_CONVERSION = YES;
				CLANG_WARN_NON_LITERAL_NULL_CONVERSION = YES;
				CLANG_WARN_OBJC_IMPLICIT_RETAIN_SELF = YES;
				CLANG_WARN_OBJC_LITERAL_CONVERSION = YES;
				CLANG_WARN_OBJC_ROOT_CLASS = YES_ERROR;
				CLANG_WARN_RANGE_LOOP_ANALYSIS = YES;
				CLANG_WARN_STRICT_PROTOTYPES = YES;
				CLANG_WARN_SUSPICIOUS_MOVE = YES;
				CLANG_WARN_UNGUARDED_AVAILABILITY = YES_AGGRESSIVE;
				CLANG_WARN_UNREACHABLE_CODE = YES;
				CLANG_WARN__DUPLICATE_METHOD_MATCH = YES;
				COPY_PHASE_STRIP = NO;
				DEBUG_INFORMATION_FORMAT = "dwarf-with-dsym";
				ENABLE_NS_ASSERTIONS = NO;
				ENABLE_STRICT_OBJC_MSGSEND = YES;
				GCC_C_LANGUAGE_STANDARD = gnu11;
				GCC_NO_COMMON_BLOCKS = YES;
				GCC_WARN_64_TO_32_BIT_CONVERSION = YES;
				GCC_WARN_ABOUT_RETURN_TYPE = YES_ERROR;
				GCC_WARN_UNDECLARED_SELECTOR = YES;
				GCC_WARN_UNINITIALIZED_AUTOS = YES_AGGRESSIVE;
				GCC_WARN_UNUSED_FUNCTION = YES;
				GCC_WARN_UNUSED_VARIABLE = YES;
				IPHONEOS_DEPLOYMENT_TARGET = 13.6;
				MTL_ENABLE_DEBUG_INFO = NO;
				MTL_FAST_MATH = YES;
				SDKROOT = iphoneos;
				SWIFT_COMPILATION_MODE = wholemodule;
				SWIFT_OPTIMIZATION_LEVEL = "-O";
				VALIDATE_PRODUCT = YES;
			};
			name = Release;
		};
		437FFF0A25B8E36600DCCC19 /* Debug */ = {
			isa = XCBuildConfiguration;
			buildSettings = {
				ASSETCATALOG_COMPILER_APPICON_NAME = AppIcon;
				CODE_SIGN_STYLE = Automatic;
				DEVELOPMENT_TEAM = J82X3YWF6V;
				INFOPLIST_FILE = EventView/Info.plist;
				LD_RUNPATH_SEARCH_PATHS = (
					"$(inherited)",
					"@executable_path/Frameworks",
				);
				PRODUCT_BUNDLE_IDENTIFIER = me.mihirthanekar.EventView;
				PRODUCT_NAME = "$(TARGET_NAME)";
				SWIFT_VERSION = 5.0;
				TARGETED_DEVICE_FAMILY = "1,2";
			};
			name = Debug;
		};
		437FFF0B25B8E36600DCCC19 /* Release */ = {
			isa = XCBuildConfiguration;
			buildSettings = {
				ASSETCATALOG_COMPILER_APPICON_NAME = AppIcon;
				CODE_SIGN_STYLE = Automatic;
				DEVELOPMENT_TEAM = J82X3YWF6V;
				INFOPLIST_FILE = EventView/Info.plist;
				LD_RUNPATH_SEARCH_PATHS = (
					"$(inherited)",
					"@executable_path/Frameworks",
				);
				PRODUCT_BUNDLE_IDENTIFIER = me.mihirthanekar.EventView;
				PRODUCT_NAME = "$(TARGET_NAME)";
				SWIFT_VERSION = 5.0;
				TARGETED_DEVICE_FAMILY = "1,2";
			};
			name = Release;
		};
/* End XCBuildConfiguration section */

/* Begin XCConfigurationList section */
		437FFEF025B8E36200DCCC19 /* Build configuration list for PBXProject "EventView" */ = {
			isa = XCConfigurationList;
			buildConfigurations = (
				437FFF0725B8E36600DCCC19 /* Debug */,
				437FFF0825B8E36600DCCC19 /* Release */,
			);
			defaultConfigurationIsVisible = 0;
			defaultConfigurationName = Release;
		};
		437FFF0925B8E36600DCCC19 /* Build configuration list for PBXNativeTarget "EventView" */ = {
			isa = XCConfigurationList;
			buildConfigurations = (
				437FFF0A25B8E36600DCCC19 /* Debug */,
				437FFF0B25B8E36600DCCC19 /* Release */,
			);
			defaultConfigurationIsVisible = 0;
			defaultConfigurationName = Release;
		};
/* End XCConfigurationList section */
	};
	rootObject = 437FFEED25B8E36200DCCC19 /* Project object */;
}
